{
  "name": "tracking-protection",
  "version": "1.2.0",
  "lockfileVersion": 1,
  "requires": true,
  "dependencies": {
    "cppunitlite": {
      "version": "1.0.0",
      "resolved": "https://registry.npmjs.org/cppunitlite/-/cppunitlite-1.0.0.tgz",
      "integrity": "sha1-2bM71NvefeawnjU0F24EZlP6vOs="
    },
    "hashset-cpp": {
      "version": "2.2.1",
      "resolved": "https://registry.npmjs.org/hashset-cpp/-/hashset-cpp-2.2.1.tgz",
      "integrity": "sha512-pO16ApkT0SEtXmCy9FgcwwPnTUbdRzL000gcpOtJyIY3OOSYvh4eQaZdYjlU+Y1AOzy3am6msgHZZ5Yok19aLw=="
    },
    "minimist": {
      "version": "0.0.8",
      "resolved": "https://registry.npmjs.org/minimist/-/minimist-0.0.8.tgz",
      "integrity": "sha1-hX/Kv8M5fSYluCKCYuhqp6ARsF0="
    },
    "mkdirp": {
      "version": "0.5.1",
      "resolved": "https://registry.npmjs.org/mkdirp/-/mkdirp-0.5.1.tgz",
      "integrity": "sha1-MAV0OOrGz3+MR2fzhkjWaX11yQM=",
      "requires": {
        "minimist": "0.0.8"
      }
    },
    "nan": {
      "version": "2.14.0",
      "resolved": "https://registry.npmjs.org/nan/-/nan-2.14.0.tgz",
      "integrity": "sha512-INOFj37C7k3AfaNTtX8RhsTw7qRy7eLET14cROi9+5HAVbbHuIWUHEauBv5qT4Av2tWasiTY1Jw6puUNqRJXQg=="
    }
  }
}
