{
  "name": "tracking-protection",
  "version": "1.2.0",
  "lockfileVersion": 1,
  "requires": true,
  "dependencies": {
    "cppunitlite": {
      "version": "1.0.0",
      "resolved": "https://registry.npmjs.org/cppunitlite/-/cppunitlite-1.0.0.tgz",
      "integrity": "sha1-2bM71NvefeawnjU0F24EZlP6vOs="
    },
    "hashset-cpp": {
      "version": "2.1.0",
      "resolved": "https://registry.npmjs.org/hashset-cpp/-/hashset-cpp-2.1.0.tgz",
      "integrity": "sha512-+HbrTNQH/qiWeObpS0ZFP0INA4yalHCm0j/lHW1V6h106DO+EOp26xQQqFsjGtrqy6vgB7hucTZarByazSd1Uw=="
    },
    "minimist": {
      "version": "0.0.8",
      "resolved": "https://registry.npmjs.org/minimist/-/minimist-0.0.8.tgz",
      "integrity": "sha1-hX/Kv8M5fSYluCKCYuhqp6ARsF0="
    },
    "mkdirp": {
      "version": "0.5.1",
      "resolved": "https://registry.npmjs.org/mkdirp/-/mkdirp-0.5.1.tgz",
      "integrity": "sha1-MAV0OOrGz3+MR2fzhkjWaX11yQM=",
      "requires": {
        "minimist": "0.0.8"
      }
    },
    "nan": {
      "version": "2.10.0",
      "resolved": "https://registry.npmjs.org/nan/-/nan-2.10.0.tgz",
      "integrity": "sha512-bAdJv7fBLhWC+/Bls0Oza+mvTaNQtP+1RyhhhvD95pgUJz6XM5IzgmxOkItJ9tkoCiplvAnXI1tNmmUD/eScyA=="
    }
  }
}
